// !$*UTF8*$!
{
	archiveVersion = 1;
	classes = {
	};
	objectVersion = 56;
	objects = {

/* Begin PBXBuildFile section */
		B643F39D2934200100686A1B /* AppDelegate.swift in Sources */ = {isa = PBXBuildFile; fileRef = B643F39C2934200100686A1B /* AppDelegate.swift */; };
		B643F39F2934200100686A1B /* SceneDelegate.swift in Sources */ = {isa = PBXBuildFile; fileRef = B643F39E2934200100686A1B /* SceneDelegate.swift */; };
		B643F3A12934200100686A1B /* ViewController.swift in Sources */ = {isa = PBXBuildFile; fileRef = B643F3A02934200100686A1B /* ViewController.swift */; };
		B643F3A42934200100686A1B /* Main.storyboard in Resources */ = {isa = PBXBuildFile; fileRef = B643F3A22934200100686A1B /* Main.storyboard */; };
		B643F3A62934200500686A1B /* Assets.xcassets in Resources */ = {isa = PBXBuildFile; fileRef = B643F3A52934200500686A1B /* Assets.xcassets */; };
		B643F3A92934200500686A1B /* LaunchScreen.storyboard in Resources */ = {isa = PBXBuildFile; fileRef = B643F3A72934200500686A1B /* LaunchScreen.storyboard */; };
		B643F3B2293420E200686A1B /* Account.swift in Sources */ = {isa = PBXBuildFile; fileRef = B643F3B1293420E200686A1B /* Account.swift */; };
		B643F3B72934220400686A1B /* KeyPair.swift in Sources */ = {isa = PBXBuildFile; fileRef = B643F3B62934220400686A1B /* KeyPair.swift */; };
		B643F3B92934221800686A1B /* PrivateKey.swift in Sources */ = {isa = PBXBuildFile; fileRef = B643F3B82934221800686A1B /* PrivateKey.swift */; };
		B643F3BB2934222500686A1B /* PublicKey.swift in Sources */ = {isa = PBXBuildFile; fileRef = B643F3BA2934222500686A1B /* PublicKey.swift */; };
		B643F3BD2934227D00686A1B /* Hash.swift in Sources */ = {isa = PBXBuildFile; fileRef = B643F3BC2934227D00686A1B /* Hash.swift */; };
		B643F3BF2934228B00686A1B /* Operation.swift in Sources */ = {isa = PBXBuildFile; fileRef = B643F3BE2934228B00686A1B /* Operation.swift */; };
		B643F3C12934229500686A1B /* Transaction.swift in Sources */ = {isa = PBXBuildFile; fileRef = B643F3C02934229500686A1B /* Transaction.swift */; };
		B643F3C3293422A200686A1B /* Block.swift in Sources */ = {isa = PBXBuildFile; fileRef = B643F3C2293422A200686A1B /* Block.swift */; };
		B643F3C5293422B100686A1B /* Blockchain.swift in Sources */ = {isa = PBXBuildFile; fileRef = B643F3C4293422B100686A1B /* Blockchain.swift */; };
		B643F3C72934236400686A1B /* Signature.swift in Sources */ = {isa = PBXBuildFile; fileRef = B643F3C62934236400686A1B /* Signature.swift */; };
/* End PBXBuildFile section */

/* Begin PBXFileReference section */
		B643F3992934200100686A1B /* BlockChainStageOne.app */ = {isa = PBXFileReference; explicitFileType = wrapper.application; includeInIndex = 0; path = BlockChainStageOne.app; sourceTree = BUILT_PRODUCTS_DIR; };
		B643F39C2934200100686A1B /* AppDelegate.swift */ = {isa = PBXFileReference; lastKnownFileType = sourcecode.swift; path = AppDelegate.swift; sourceTree = "<group>"; };
		B643F39E2934200100686A1B /* SceneDelegate.swift */ = {isa = PBXFileReference; lastKnownFileType = sourcecode.swift; path = SceneDelegate.swift; sourceTree = "<group>"; };
		B643F3A02934200100686A1B /* ViewController.swift */ = {isa = PBXFileReference; lastKnownFileType = sourcecode.swift; path = ViewController.swift; sourceTree = "<group>"; };
		B643F3A32934200100686A1B /* Base */ = {isa = PBXFileReference; lastKnownFileType = file.storyboard; name = Base; path = Base.lproj/Main.storyboard; sourceTree = "<group>"; };
		B643F3A52934200500686A1B /* Assets.xcassets */ = {isa = PBXFileReference; lastKnownFileType = folder.assetcatalog; path = Assets.xcassets; sourceTree = "<group>"; };
		B643F3A82934200500686A1B /* Base */ = {isa = PBXFileReference; lastKnownFileType = file.storyboard; name = Base; path = Base.lproj/LaunchScreen.storyboard; sourceTree = "<group>"; };
		B643F3AA2934200500686A1B /* Info.plist */ = {isa = PBXFileReference; lastKnownFileType = text.plist.xml; path = Info.plist; sourceTree = "<group>"; };
		B643F3B1293420E200686A1B /* Account.swift */ = {isa = PBXFileReference; lastKnownFileType = sourcecode.swift; path = Account.swift; sourceTree = "<group>"; };
		B643F3B62934220400686A1B /* KeyPair.swift */ = {isa = PBXFileReference; lastKnownFileType = sourcecode.swift; path = KeyPair.swift; sourceTree = "<group>"; };
		B643F3B82934221800686A1B /* PrivateKey.swift */ = {isa = PBXFileReference; lastKnownFileType = sourcecode.swift; path = PrivateKey.swift; sourceTree = "<group>"; };
		B643F3BA2934222500686A1B /* PublicKey.swift */ = {isa = PBXFileReference; lastKnownFileType = sourcecode.swift; path = PublicKey.swift; sourceTree = "<group>"; };
		B643F3BC2934227D00686A1B /* Hash.swift */ = {isa = PBXFileReference; lastKnownFileType = sourcecode.swift; path = Hash.swift; sourceTree = "<group>"; };
		B643F3BE2934228B00686A1B /* Operation.swift */ = {isa = PBXFileReference; lastKnownFileType = sourcecode.swift; path = Operation.swift; sourceTree = "<group>"; };
		B643F3C02934229500686A1B /* Transaction.swift */ = {isa = PBXFileReference; lastKnownFileType = sourcecode.swift; path = Transaction.swift; sourceTree = "<group>"; };
		B643F3C2293422A200686A1B /* Block.swift */ = {isa = PBXFileReference; lastKnownFileType = sourcecode.swift; path = Block.swift; sourceTree = "<group>"; };
		B643F3C4293422B100686A1B /* Blockchain.swift */ = {isa = PBXFileReference; lastKnownFileType = sourcecode.swift; path = Blockchain.swift; sourceTree = "<group>"; };
		B643F3C62934236400686A1B /* Signature.swift */ = {isa = PBXFileReference; lastKnownFileType = sourcecode.swift; path = Signature.swift; sourceTree = "<group>"; };
/* End PBXFileReference section */

/* Begin PBXFrameworksBuildPhase section */
		B643F3962934200100686A1B /* Frameworks */ = {
			isa = PBXFrameworksBuildPhase;
			buildActionMask = 2147483647;
			files = (
			);
			runOnlyForDeploymentPostprocessing = 0;
		};
/* End PBXFrameworksBuildPhase section */

/* Begin PBXGroup section */
		B643F3902934200100686A1B = {
			isa = PBXGroup;
			children = (
				B643F39B2934200100686A1B /* BlockChainStageOne */,
				B643F39A2934200100686A1B /* Products */,
			);
			sourceTree = "<group>";
		};
		B643F39A2934200100686A1B /* Products */ = {
			isa = PBXGroup;
			children = (
				B643F3992934200100686A1B /* BlockChainStageOne.app */,
			);
			name = Products;
			sourceTree = "<group>";
		};
		B643F39B2934200100686A1B /* BlockChainStageOne */ = {
			isa = PBXGroup;
			children = (
				B643F3B0293420C400686A1B /* Core */,
				B643F39C2934200100686A1B /* AppDelegate.swift */,
				B643F39E2934200100686A1B /* SceneDelegate.swift */,
				B643F3A02934200100686A1B /* ViewController.swift */,
				B643F3A22934200100686A1B /* Main.storyboard */,
				B643F3A52934200500686A1B /* Assets.xcassets */,
				B643F3A72934200500686A1B /* LaunchScreen.storyboard */,
				B643F3AA2934200500686A1B /* Info.plist */,
			);
			path = BlockChainStageOne;
			sourceTree = "<group>";
		};
		B643F3B0293420C400686A1B /* Core */ = {
			isa = PBXGroup;
			children = (
				B643F3B1293420E200686A1B /* Account.swift */,
				B643F3B62934220400686A1B /* KeyPair.swift */,
				B643F3B82934221800686A1B /* PrivateKey.swift */,
				B643F3BA2934222500686A1B /* PublicKey.swift */,
				B643F3BC2934227D00686A1B /* Hash.swift */,
				B643F3BE2934228B00686A1B /* Operation.swift */,
				B643F3C02934229500686A1B /* Transaction.swift */,
				B643F3C2293422A200686A1B /* Block.swift */,
				B643F3C4293422B100686A1B /* Blockchain.swift */,
				B643F3C62934236400686A1B /* Signature.swift */,
			);
			path = Core;
			sourceTree = "<group>";
		};
/* End PBXGroup section */

/* Begin PBXNativeTarget section */
		B643F3982934200100686A1B /* BlockChainStageOne */ = {
			isa = PBXNativeTarget;
			buildConfigurationList = B643F3AD2934200500686A1B /* Build configuration list for PBXNativeTarget "BlockChainStageOne" */;
			buildPhases = (
				B643F3952934200100686A1B /* Sources */,
				B643F3962934200100686A1B /* Frameworks */,
				B643F3972934200100686A1B /* Resources */,
			);
			buildRules = (
			);
			dependencies = (
			);
			name = BlockChainStageOne;
			productName = BlockChainStageOne;
			productReference = B643F3992934200100686A1B /* BlockChainStageOne.app */;
			productType = "com.apple.product-type.application";
		};
/* End PBXNativeTarget section */

/* Begin PBXProject section */
		B643F3912934200100686A1B /* Project object */ = {
			isa = PBXProject;
			attributes = {
				BuildIndependentTargetsInParallel = 1;
				LastSwiftUpdateCheck = 1410;
				LastUpgradeCheck = 1410;
				TargetAttributes = {
					B643F3982934200100686A1B = {
						CreatedOnToolsVersion = 14.1;
					};
				};
			};
			buildConfigurationList = B643F3942934200100686A1B /* Build configuration list for PBXProject "BlockChainStageOne" */;
			compatibilityVersion = "Xcode 14.0";
			developmentRegion = en;
			hasScannedForEncodings = 0;
			knownRegions = (
				en,
				Base,
			);
			mainGroup = B643F3902934200100686A1B;
			productRefGroup = B643F39A2934200100686A1B /* Products */;
			projectDirPath = "";
			projectRoot = "";
			targets = (
				B643F3982934200100686A1B /* BlockChainStageOne */,
			);
		};
/* End PBXProject section */

/* Begin PBXResourcesBuildPhase section */
		B643F3972934200100686A1B /* Resources */ = {
			isa = PBXResourcesBuildPhase;
			buildActionMask = 2147483647;
			files = (
				B643F3A92934200500686A1B /* LaunchScreen.storyboard in Resources */,
				B643F3A62934200500686A1B /* Assets.xcassets in Resources */,
				B643F3A42934200100686A1B /* Main.storyboard in Resources */,
			);
			runOnlyForDeploymentPostprocessing = 0;
		};
/* End PBXResourcesBuildPhase section */

/* Begin PBXSourcesBuildPhase section */
		B643F3952934200100686A1B /* Sources */ = {
			isa = PBXSourcesBuildPhase;
			buildActionMask = 2147483647;
			files = (
				B643F3BB2934222500686A1B /* PublicKey.swift in Sources */,
				B643F3C3293422A200686A1B /* Block.swift in Sources */,
				B643F3BD2934227D00686A1B /* Hash.swift in Sources */,
				B643F3A12934200100686A1B /* ViewController.swift in Sources */,
				B643F3B2293420E200686A1B /* Account.swift in Sources */,
				B643F3C5293422B100686A1B /* Blockchain.swift in Sources */,
				B643F3C12934229500686A1B /* Transaction.swift in Sources */,
				B643F3C72934236400686A1B /* Signature.swift in Sources */,
				B643F3B72934220400686A1B /* KeyPair.swift in Sources */,
				B643F3BF2934228B00686A1B /* Operation.swift in Sources */,
				B643F39D2934200100686A1B /* AppDelegate.swift in Sources */,
				B643F39F2934200100686A1B /* SceneDelegate.swift in Sources */,
				B643F3B92934221800686A1B /* PrivateKey.swift in Sources */,
			);
			runOnlyForDeploymentPostprocessing = 0;
		};
/* End PBXSourcesBuildPhase section */

/* Begin PBXVariantGroup section */
		B643F3A22934200100686A1B /* Main.storyboard */ = {
			isa = PBXVariantGroup;
			children = (
				B643F3A32934200100686A1B /* Base */,
			);
			name = Main.storyboard;
			sourceTree = "<group>";
		};
		B643F3A72934200500686A1B /* LaunchScreen.storyboard */ = {
			isa = PBXVariantGroup;
			children = (
				B643F3A82934200500686A1B /* Base */,
			);
			name = LaunchScreen.storyboard;
			sourceTree = "<group>";
		};
/* End PBXVariantGroup section */

/* Begin XCBuildConfiguration section */
		B643F3AB2934200500686A1B /* Debug */ = {
			isa = XCBuildConfiguration;
			buildSettings = {
				ALWAYS_SEARCH_USER_PATHS = NO;
				CLANG_ANALYZER_NONNULL = YES;
				CLANG_ANALYZER_NUMBER_OBJECT_CONVERSION = YES_AGGRESSIVE;
				CLANG_CXX_LANGUAGE_STANDARD = "gnu++20";
				CLANG_ENABLE_MODULES = YES;
				CLANG_ENABLE_OBJC_ARC = YES;
				CLANG_ENABLE_OBJC_WEAK = YES;
				CLANG_WARN_BLOCK_CAPTURE_AUTORELEASING = YES;
				CLANG_WARN_BOOL_CONVERSION = YES;
				CLANG_WARN_COMMA = YES;
				CLANG_WARN_CONSTANT_CONVERSION = YES;
				CLANG_WARN_DEPRECATED_OBJC_IMPLEMENTATIONS = YES;
				CLANG_WARN_DIRECT_OBJC_ISA_USAGE = YES_ERROR;
				CLANG_WARN_DOCUMENTATION_COMMENTS = YES;
				CLANG_WARN_EMPTY_BODY = YES;
				CLANG_WARN_ENUM_CONVERSION = YES;
				CLANG_WARN_INFINITE_RECURSION = YES;
				CLANG_WARN_INT_CONVERSION = YES;
				CLANG_WARN_NON_LITERAL_NULL_CONVERSION = YES;
				CLANG_WARN_OBJC_IMPLICIT_RETAIN_SELF = YES;
				CLANG_WARN_OBJC_LITERAL_CONVERSION = YES;
				CLANG_WARN_OBJC_ROOT_CLASS = YES_ERROR;
				CLANG_WARN_QUOTED_INCLUDE_IN_FRAMEWORK_HEADER = YES;
				CLANG_WARN_RANGE_LOOP_ANALYSIS = YES;
				CLANG_WARN_STRICT_PROTOTYPES = YES;
				CLANG_WARN_SUSPICIOUS_MOVE = YES;
				CLANG_WARN_UNGUARDED_AVAILABILITY = YES_AGGRESSIVE;
				CLANG_WARN_UNREACHABLE_CODE = YES;
				CLANG_WARN__DUPLICATE_METHOD_MATCH = YES;
				COPY_PHASE_STRIP = NO;
				DEBUG_INFORMATION_FORMAT = dwarf;
				ENABLE_STRICT_OBJC_MSGSEND = YES;
				ENABLE_TESTABILITY = YES;
				GCC_C_LANGUAGE_STANDARD = gnu11;
				GCC_DYNAMIC_NO_PIC = NO;
				GCC_NO_COMMON_BLOCKS = YES;
				GCC_OPTIMIZATION_LEVEL = 0;
				GCC_PREPROCESSOR_DEFINITIONS = (
					"DEBUG=1",
					"$(inherited)",
				);
				GCC_WARN_64_TO_32_BIT_CONVERSION = YES;
				GCC_WARN_ABOUT_RETURN_TYPE = YES_ERROR;
				GCC_WARN_UNDECLARED_SELECTOR = YES;
				GCC_WARN_UNINITIALIZED_AUTOS = YES_AGGRESSIVE;
				GCC_WARN_UNUSED_FUNCTION = YES;
				GCC_WARN_UNUSED_VARIABLE = YES;
				IPHONEOS_DEPLOYMENT_TARGET = 16.1;
				MTL_ENABLE_DEBUG_INFO = INCLUDE_SOURCE;
				MTL_FAST_MATH = YES;
				ONLY_ACTIVE_ARCH = YES;
				SDKROOT = iphoneos;
				SWIFT_ACTIVE_COMPILATION_CONDITIONS = DEBUG;
				SWIFT_OPTIMIZATION_LEVEL = "-Onone";
			};
			name = Debug;
		};
		B643F3AC2934200500686A1B /* Release */ = {
			isa = XCBuildConfiguration;
			buildSettings = {
				ALWAYS_SEARCH_USER_PATHS = NO;
				CLANG_ANALYZER_NONNULL = YES;
				CLANG_ANALYZER_NUMBER_OBJECT_CONVERSION = YES_AGGRESSIVE;
				CLANG_CXX_LANGUAGE_STANDARD = "gnu++20";
				CLANG_ENABLE_MODULES = YES;
				CLANG_ENABLE_OBJC_ARC = YES;
				CLANG_ENABLE_OBJC_WEAK = YES;
				CLANG_WARN_BLOCK_CAPTURE_AUTORELEASING = YES;
				CLANG_WARN_BOOL_CONVERSION = YES;
				CLANG_WARN_COMMA = YES;
				CLANG_WARN_CONSTANT_CONVERSION = YES;
				CLANG_WARN_DEPRECATED_OBJC_IMPLEMENTATIONS = YES;
				CLANG_WARN_DIRECT_OBJC_ISA_USAGE = YES_ERROR;
				CLANG_WARN_DOCUMENTATION_COMMENTS = YES;
				CLANG_WARN_EMPTY_BODY = YES;
				CLANG_WARN_ENUM_CONVERSION = YES;
				CLANG_WARN_INFINITE_RECURSION = YES;
				CLANG_WARN_INT_CONVERSION = YES;
				CLANG_WARN_NON_LITERAL_NULL_CONVERSION = YES;
				CLANG_WARN_OBJC_IMPLICIT_RETAIN_SELF = YES;
				CLANG_WARN_OBJC_LITERAL_CONVERSION = YES;
				CLANG_WARN_OBJC_ROOT_CLASS = YES_ERROR;
				CLANG_WARN_QUOTED_INCLUDE_IN_FRAMEWORK_HEADER = YES;
				CLANG_WARN_RANGE_LOOP_ANALYSIS = YES;
				CLANG_WARN_STRICT_PROTOTYPES = YES;
				CLANG_WARN_SUSPICIOUS_MOVE = YES;
				CLANG_WARN_UNGUARDED_AVAILABILITY = YES_AGGRESSIVE;
				CLANG_WARN_UNREACHABLE_CODE = YES;
				CLANG_WARN__DUPLICATE_METHOD_MATCH = YES;
				COPY_PHASE_STRIP = NO;
				DEBUG_INFORMATION_FORMAT = "dwarf-with-dsym";
				ENABLE_NS_ASSERTIONS = NO;
				ENABLE_STRICT_OBJC_MSGSEND = YES;
				GCC_C_LANGUAGE_STANDARD = gnu11;
				GCC_NO_COMMON_BLOCKS = YES;
				GCC_WARN_64_TO_32_BIT_CONVERSION = YES;
				GCC_WARN_ABOUT_RETURN_TYPE = YES_ERROR;
				GCC_WARN_UNDECLARED_SELECTOR = YES;
				GCC_WARN_UNINITIALIZED_AUTOS = YES_AGGRESSIVE;
				GCC_WARN_UNUSED_FUNCTION = YES;
				GCC_WARN_UNUSED_VARIABLE = YES;
				IPHONEOS_DEPLOYMENT_TARGET = 16.1;
				MTL_ENABLE_DEBUG_INFO = NO;
				MTL_FAST_MATH = YES;
				SDKROOT = iphoneos;
				SWIFT_COMPILATION_MODE = wholemodule;
				SWIFT_OPTIMIZATION_LEVEL = "-O";
				VALIDATE_PRODUCT = YES;
			};
			name = Release;
		};
		B643F3AE2934200500686A1B /* Debug */ = {
			isa = XCBuildConfiguration;
			buildSettings = {
				ASSETCATALOG_COMPILER_APPICON_NAME = AppIcon;
				ASSETCATALOG_COMPILER_GLOBAL_ACCENT_COLOR_NAME = AccentColor;
				CODE_SIGN_STYLE = Automatic;
				CURRENT_PROJECT_VERSION = 1;
				GENERATE_INFOPLIST_FILE = YES;
				INFOPLIST_FILE = BlockChainStageOne/Info.plist;
				INFOPLIST_KEY_UIApplicationSupportsIndirectInputEvents = YES;
				INFOPLIST_KEY_UILaunchStoryboardName = LaunchScreen;
				INFOPLIST_KEY_UIMainStoryboardFile = Main;
				INFOPLIST_KEY_UISupportedInterfaceOrientations_iPad = "UIInterfaceOrientationPortrait UIInterfaceOrientationPortraitUpsideDown UIInterfaceOrientationLandscapeLeft UIInterfaceOrientationLandscapeRight";
				INFOPLIST_KEY_UISupportedInterfaceOrientations_iPhone = "UIInterfaceOrientationPortrait UIInterfaceOrientationLandscapeLeft UIInterfaceOrientationLandscapeRight";
				LD_RUNPATH_SEARCH_PATHS = (
					"$(inherited)",
					"@executable_path/Frameworks",
				);
				MARKETING_VERSION = 1.0;
				PRODUCT_BUNDLE_IDENTIFIER = test.BlockChainStageOne;
				PRODUCT_NAME = "$(TARGET_NAME)";
				SWIFT_EMIT_LOC_STRINGS = YES;
				SWIFT_VERSION = 5.0;
				TARGETED_DEVICE_FAMILY = "1,2";
			};
			name = Debug;
		};
		B643F3AF2934200500686A1B /* Release */ = {
			isa = XCBuildConfiguration;
			buildSettings = {
				ASSETCATALOG_COMPILER_APPICON_NAME = AppIcon;
				ASSETCATALOG_COMPILER_GLOBAL_ACCENT_COLOR_NAME = AccentColor;
				CODE_SIGN_STYLE = Automatic;
				CURRENT_PROJECT_VERSION = 1;
				GENERATE_INFOPLIST_FILE = YES;
				INFOPLIST_FILE = BlockChainStageOne/Info.plist;
				INFOPLIST_KEY_UIApplicationSupportsIndirectInputEvents = YES;
				INFOPLIST_KEY_UILaunchStoryboardName = LaunchScreen;
				INFOPLIST_KEY_UIMainStoryboardFile = Main;
				INFOPLIST_KEY_UISupportedInterfaceOrientations_iPad = "UIInterfaceOrientationPortrait UIInterfaceOrientationPortraitUpsideDown UIInterfaceOrientationLandscapeLeft UIInterfaceOrientationLandscapeRight";
				INFOPLIST_KEY_UISupportedInterfaceOrientations_iPhone = "UIInterfaceOrientationPortrait UIInterfaceOrientationLandscapeLeft UIInterfaceOrientationLandscapeRight";
				LD_RUNPATH_SEARCH_PATHS = (
					"$(inherited)",
					"@executable_path/Frameworks",
				);
				MARKETING_VERSION = 1.0;
				PRODUCT_BUNDLE_IDENTIFIER = test.BlockChainStageOne;
				PRODUCT_NAME = "$(TARGET_NAME)";
				SWIFT_EMIT_LOC_STRINGS = YES;
				SWIFT_VERSION = 5.0;
				TARGETED_DEVICE_FAMILY = "1,2";
			};
			name = Release;
		};
/* End XCBuildConfiguration section */

/* Begin XCConfigurationList section */
		B643F3942934200100686A1B /* Build configuration list for PBXProject "BlockChainStageOne" */ = {
			isa = XCConfigurationList;
			buildConfigurations = (
				B643F3AB2934200500686A1B /* Debug */,
				B643F3AC2934200500686A1B /* Release */,
			);
			defaultConfigurationIsVisible = 0;
			defaultConfigurationName = Release;
		};
		B643F3AD2934200500686A1B /* Build configuration list for PBXNativeTarget "BlockChainStageOne" */ = {
			isa = XCConfigurationList;
			buildConfigurations = (
				B643F3AE2934200500686A1B /* Debug */,
				B643F3AF2934200500686A1B /* Release */,
			);
			defaultConfigurationIsVisible = 0;
			defaultConfigurationName = Release;
		};
/* End XCConfigurationList section */
	};
	rootObject = B643F3912934200100686A1B /* Project object */;
}
